{
  "name": "@tuukezu/npm-package-test",
  "version": "0.0.1",
  "lockfileVersion": 2,
  "requires": true,
  "packages": {
    "": {
      "name": "@tuukezu/npm-package-test",
      "version": "0.0.1",
      "dependencies": {
        "@tuukezu/npm-package-test": "^0.0.1"
      },
      "devDependencies": {
        "typescript": "^4.7.3"
      }
    },
    "node_modules/@tuukezu/npm-package-test": {
      "version": "0.0.1",
      "resolved": "https://npm.pkg.github.com/download/@tuukezu/npm-package-test/0.0.1/9dfc0c98e6f432e8f8c12790e2b4de5058401726",
      "integrity": "sha512-+Ykaq4xeA2nCYmZCQoN4/LqYz95CfUJ9Sd/wgHtDm7Z0cPhULoT6L7kOtkahC4F8/BBYIVrJJ9FACHxT5S8UOg=="
    },
    "node_modules/typescript": {
      "version": "4.9.5",
      "resolved": "https://registry.npmjs.org/typescript/-/typescript-4.9.5.tgz",
      "integrity": "sha512-1FXk9E2Hm+QzZQ7z+McJiHL4NW1F2EzMu9Nq9i3zAaGqibafqYwCVU6WyWAuyQRRzOlxou8xZSyXLEN8oKj24g==",
      "dev": true,
      "bin": {
        "tsc": "bin/tsc",
        "tsserver": "bin/tsserver"
      },
      "engines": {
        "node": ">=4.2.0"
      }
    }
  },
  "dependencies": {
    "@tuukezu/npm-package-test": {
      "version": "0.0.1",
      "resolved": "https://npm.pkg.github.com/download/@tuukezu/npm-package-test/0.0.1/9dfc0c98e6f432e8f8c12790e2b4de5058401726",
      "integrity": "sha512-+Ykaq4xeA2nCYmZCQoN4/LqYz95CfUJ9Sd/wgHtDm7Z0cPhULoT6L7kOtkahC4F8/BBYIVrJJ9FACHxT5S8UOg=="
    },
    "typescript": {
      "version": "4.9.5",
      "resolved": "https://registry.npmjs.org/typescript/-/typescript-4.9.5.tgz",
      "integrity": "sha512-1FXk9E2Hm+QzZQ7z+McJiHL4NW1F2EzMu9Nq9i3zAaGqibafqYwCVU6WyWAuyQRRzOlxou8xZSyXLEN8oKj24g==",
      "dev": true
    }
  }
}
